Microsoft Visual Studio Solution File, Format Version 12.00
# Visual Studio Version 17
VisualStudioVersion = 17.5.2.0
MinimumVisualStudioVersion = 10.0.40219.1
Project("{FAE04EC0-301F-11D3-BF4B-00C04F79EFBC}") = "DIKUCanteen", "DIKUCanteen\DIKUCanteen.csproj", "{7F2DF061-92BE-8649-7FE6-1A5FA3C3D1D8}"
EndProject
Project("{FAE04EC0-301F-11D3-BF4B-00C04F79EFBC}") = "DIKUCanteenTests", "DIKUCanteenTests\DIKUCanteenTests.csproj", "{4230A597-F479-5343-4751-4E1DEC1CD89C}"
EndProject
Global
	GlobalSection(SolutionConfigurationPlatforms) = preSolution
		Debug|Any CPU = Debug|Any CPU
		Release|Any CPU = Release|Any CPU
	EndGlobalSection
	GlobalSection(ProjectConfigurationPlatforms) = postSolution
		{7F2DF061-92BE-8649-7FE6-1A5FA3C3D1D8}.Debug|Any CPU.ActiveCfg = Debug|Any CPU
		{7F2DF061-92BE-8649-7FE6-1A5FA3C3D1D8}.Debug|Any CPU.Build.0 = Debug|Any CPU
		{7F2DF061-92BE-8649-7FE6-1A5FA3C3D1D8}.Release|Any CPU.ActiveCfg = Release|Any CPU
		{7F2DF061-92BE-8649-7FE6-1A5FA3C3D1D8}.Release|Any CPU.Build.0 = Release|Any CPU
		{4230A597-F479-5343-4751-4E1DEC1CD89C}.Debug|Any CPU.ActiveCfg = Debug|Any CPU
		{4230A597-F479-5343-4751-4E1DEC1CD89C}.Debug|Any CPU.Build.0 = Debug|Any CPU
		{4230A597-F479-5343-4751-4E1DEC1CD89C}.Release|Any CPU.ActiveCfg = Release|Any CPU
		{4230A597-F479-5343-4751-4E1DEC1CD89C}.Release|Any CPU.Build.0 = Release|Any CPU
	EndGlobalSection
	GlobalSection(SolutionProperties) = preSolution
		HideSolutionNode = FALSE
	EndGlobalSection
	GlobalSection(ExtensibilityGlobals) = postSolution
		SolutionGuid = {E7C4FC6A-4E35-413C-BA29-9450AE58CBDE}
	EndGlobalSection
EndGlobal
